
Microsoft Visual Studio Solution File, Format Version 12.00
# Visual Studio Version 16
VisualStudioVersion = 16.0.31424.327
MinimumVisualStudioVersion = 10.0.40219.1
Project("{FAE04EC0-301F-11D3-BF4B-00C04F79EFBC}") = "url.business", "url.business\url.business.csproj", "{32168363-7661-4AC2-B004-0EBE74DD6F2C}"
	ProjectSection(ProjectDependencies) = postProject
		{84C3FD7B-A5C6-493E-B1CD-A40CCDA06211} = {84C3FD7B-A5C6-493E-B1CD-A40CCDA06211}
	EndProjectSection
EndProject
Project("{FAE04EC0-301F-11D3-BF4B-00C04F79EFBC}") = "url.data", "url.data\url.data.csproj", "{34DF2A97-C5AC-4C24-B8AC-98A623E4177A}"
	ProjectSection(ProjectDependencies) = postProject
		{32168363-7661-4AC2-B004-0EBE74DD6F2C} = {32168363-7661-4AC2-B004-0EBE74DD6F2C}
	EndProjectSection
EndProject
Project("{9A19103F-16F7-4668-BE54-9A1E7A4F7556}") = "sga.utils", "sga.utils\sga.utils.csproj", "{84C3FD7B-A5C6-493E-B1CD-A40CCDA06211}"
EndProject
Project("{9A19103F-16F7-4668-BE54-9A1E7A4F7556}") = "UrlAPI", "UrlAPI\UrlAPI.csproj", "{86533B3B-02E7-4BAC-B56C-3B195347568E}"
EndProject
Global
	GlobalSection(SolutionConfigurationPlatforms) = preSolution
		Debug|Any CPU = Debug|Any CPU
		Release|Any CPU = Release|Any CPU
	EndGlobalSection
	GlobalSection(ProjectConfigurationPlatforms) = postSolution
		{32168363-7661-4AC2-B004-0EBE74DD6F2C}.Debug|Any CPU.ActiveCfg = Debug|Any CPU
		{32168363-7661-4AC2-B004-0EBE74DD6F2C}.Debug|Any CPU.Build.0 = Debug|Any CPU
		{32168363-7661-4AC2-B004-0EBE74DD6F2C}.Release|Any CPU.ActiveCfg = Release|Any CPU
		{32168363-7661-4AC2-B004-0EBE74DD6F2C}.Release|Any CPU.Build.0 = Release|Any CPU
		{34DF2A97-C5AC-4C24-B8AC-98A623E4177A}.Debug|Any CPU.ActiveCfg = Debug|Any CPU
		{34DF2A97-C5AC-4C24-B8AC-98A623E4177A}.Debug|Any CPU.Build.0 = Debug|Any CPU
		{34DF2A97-C5AC-4C24-B8AC-98A623E4177A}.Release|Any CPU.ActiveCfg = Release|Any CPU
		{34DF2A97-C5AC-4C24-B8AC-98A623E4177A}.Release|Any CPU.Build.0 = Release|Any CPU
		{84C3FD7B-A5C6-493E-B1CD-A40CCDA06211}.Debug|Any CPU.ActiveCfg = Debug|Any CPU
		{84C3FD7B-A5C6-493E-B1CD-A40CCDA06211}.Debug|Any CPU.Build.0 = Debug|Any CPU
		{84C3FD7B-A5C6-493E-B1CD-A40CCDA06211}.Release|Any CPU.ActiveCfg = Release|Any CPU
		{84C3FD7B-A5C6-493E-B1CD-A40CCDA06211}.Release|Any CPU.Build.0 = Release|Any CPU
		{86533B3B-02E7-4BAC-B56C-3B195347568E}.Debug|Any CPU.ActiveCfg = Debug|Any CPU
		{86533B3B-02E7-4BAC-B56C-3B195347568E}.Debug|Any CPU.Build.0 = Debug|Any CPU
		{86533B3B-02E7-4BAC-B56C-3B195347568E}.Release|Any CPU.ActiveCfg = Release|Any CPU
		{86533B3B-02E7-4BAC-B56C-3B195347568E}.Release|Any CPU.Build.0 = Release|Any CPU
	EndGlobalSection
	GlobalSection(SolutionProperties) = preSolution
		HideSolutionNode = FALSE
	EndGlobalSection
	GlobalSection(ExtensibilityGlobals) = postSolution
		SolutionGuid = {24ADAFA6-7038-4E5A-B9AC-74190E503D2C}
	EndGlobalSection
EndGlobal
